// !$*UTF8*$!
{
	archiveVersion = 1;
	classes = {
	};
	objectVersion = 46;
	objects = {

/* Begin PBXBuildFile section */
		8B620E6418A239C300EF42B2 /* Foundation.framework in Frameworks */ = {isa = PBXBuildFile; fileRef = 8B620E6318A239C300EF42B2 /* Foundation.framework */; };
		8B620E6618A239C300EF42B2 /* CoreGraphics.framework in Frameworks */ = {isa = PBXBuildFile; fileRef = 8B620E6518A239C300EF42B2 /* CoreGraphics.framework */; };
		8B620E6818A239C300EF42B2 /* UIKit.framework in Frameworks */ = {isa = PBXBuildFile; fileRef = 8B620E6718A239C300EF42B2 /* UIKit.framework */; };
		8B620E6E18A239C300EF42B2 /* InfoPlist.strings in Resources */ = {isa = PBXBuildFile; fileRef = 8B620E6C18A239C300EF42B2 /* InfoPlist.strings */; };
		8B620E7018A239C300EF42B2 /* main.m in Sources */ = {isa = PBXBuildFile; fileRef = 8B620E6F18A239C300EF42B2 /* main.m */; };
		8B620E7418A239C300EF42B2 /* AHSparkEffectAppDelegate.m in Sources */ = {isa = PBXBuildFile; fileRef = 8B620E7318A239C300EF42B2 /* AHSparkEffectAppDelegate.m */; };
		8B620E7718A239C300EF42B2 /* Main.storyboard in Resources */ = {isa = PBXBuildFile; fileRef = 8B620E7518A239C300EF42B2 /* Main.storyboard */; };
		8B620E7A18A239C300EF42B2 /* AHSparkEffectViewController.m in Sources */ = {isa = PBXBuildFile; fileRef = 8B620E7918A239C300EF42B2 /* AHSparkEffectViewController.m */; };
		8B620E7C18A239C300EF42B2 /* Images.xcassets in Resources */ = {isa = PBXBuildFile; fileRef = 8B620E7B18A239C300EF42B2 /* Images.xcassets */; };
		8B620E8318A239C300EF42B2 /* XCTest.framework in Frameworks */ = {isa = PBXBuildFile; fileRef = 8B620E8218A239C300EF42B2 /* XCTest.framework */; };
		8B620E8418A239C300EF42B2 /* Foundation.framework in Frameworks */ = {isa = PBXBuildFile; fileRef = 8B620E6318A239C300EF42B2 /* Foundation.framework */; };
		8B620E8518A239C300EF42B2 /* UIKit.framework in Frameworks */ = {isa = PBXBuildFile; fileRef = 8B620E6718A239C300EF42B2 /* UIKit.framework */; };
		8B620E8D18A239C300EF42B2 /* InfoPlist.strings in Resources */ = {isa = PBXBuildFile; fileRef = 8B620E8B18A239C300EF42B2 /* InfoPlist.strings */; };
		8B620E8F18A239C300EF42B2 /* SparkEffectTests.m in Sources */ = {isa = PBXBuildFile; fileRef = 8B620E8E18A239C300EF42B2 /* SparkEffectTests.m */; };
/* End PBXBuildFile section */

/* Begin PBXContainerItemProxy section */
		8B620E8618A239C300EF42B2 /* PBXContainerItemProxy */ = {
			isa = PBXContainerItemProxy;
			containerPortal = 8B620E5818A239C300EF42B2 /* Project object */;
			proxyType = 1;
			remoteGlobalIDString = 8B620E5F18A239C300EF42B2;
			remoteInfo = SparkEffect;
		};
/* End PBXContainerItemProxy section */

/* Begin PBXFileReference section */
		8B620E6018A239C300EF42B2 /* SparkEffect.app */ = {isa = PBXFileReference; explicitFileType = wrapper.application; includeInIndex = 0; path = SparkEffect.app; sourceTree = BUILT_PRODUCTS_DIR; };
		8B620E6318A239C300EF42B2 /* Foundation.framework */ = {isa = PBXFileReference; lastKnownFileType = wrapper.framework; name = Foundation.framework; path = System/Library/Frameworks/Foundation.framework; sourceTree = SDKROOT; };
		8B620E6518A239C300EF42B2 /* CoreGraphics.framework */ = {isa = PBXFileReference; lastKnownFileType = wrapper.framework; name = CoreGraphics.framework; path = System/Library/Frameworks/CoreGraphics.framework; sourceTree = SDKROOT; };
		8B620E6718A239C300EF42B2 /* UIKit.framework */ = {isa = PBXFileReference; lastKnownFileType = wrapper.framework; name = UIKit.framework; path = System/Library/Frameworks/UIKit.framework; sourceTree = SDKROOT; };
		8B620E6B18A239C300EF42B2 /* SparkEffect-Info.plist */ = {isa = PBXFileReference; lastKnownFileType = text.plist.xml; path = "SparkEffect-Info.plist"; sourceTree = "<group>"; };
		8B620E6D18A239C300EF42B2 /* en */ = {isa = PBXFileReference; lastKnownFileType = text.plist.strings; name = en; path = en.lproj/InfoPlist.strings; sourceTree = "<group>"; };
		8B620E6F18A239C300EF42B2 /* main.m */ = {isa = PBXFileReference; lastKnownFileType = sourcecode.c.objc; path = main.m; sourceTree = "<group>"; };
		8B620E7118A239C300EF42B2 /* SparkEffect-Prefix.pch */ = {isa = PBXFileReference; lastKnownFileType = sourcecode.c.h; path = "SparkEffect-Prefix.pch"; sourceTree = "<group>"; };
		8B620E7218A239C300EF42B2 /* AHSparkEffectAppDelegate.h */ = {isa = PBXFileReference; lastKnownFileType = sourcecode.c.h; path = AHSparkEffectAppDelegate.h; sourceTree = "<group>"; };
		8B620E7318A239C300EF42B2 /* AHSparkEffectAppDelegate.m */ = {isa = PBXFileReference; lastKnownFileType = sourcecode.c.objc; path = AHSparkEffectAppDelegate.m; sourceTree = "<group>"; };
		8B620E7618A239C300EF42B2 /* Base */ = {isa = PBXFileReference; lastKnownFileType = file.storyboard; name = Base; path = Base.lproj/Main.storyboard; sourceTree = "<group>"; };
		8B620E7818A239C300EF42B2 /* AHSparkEffectViewController.h */ = {isa = PBXFileReference; lastKnownFileType = sourcecode.c.h; path = AHSparkEffectViewController.h; sourceTree = "<group>"; };
		8B620E7918A239C300EF42B2 /* AHSparkEffectViewController.m */ = {isa = PBXFileReference; lastKnownFileType = sourcecode.c.objc; path = AHSparkEffectViewController.m; sourceTree = "<group>"; };
		8B620E7B18A239C300EF42B2 /* Images.xcassets */ = {isa = PBXFileReference; lastKnownFileType = folder.assetcatalog; path = Images.xcassets; sourceTree = "<group>"; };
		8B620E8118A239C300EF42B2 /* SparkEffectTests.xctest */ = {isa = PBXFileReference; explicitFileType = wrapper.cfbundle; includeInIndex = 0; path = SparkEffectTests.xctest; sourceTree = BUILT_PRODUCTS_DIR; };
		8B620E8218A239C300EF42B2 /* XCTest.framework */ = {isa = PBXFileReference; lastKnownFileType = wrapper.framework; name = XCTest.framework; path = Library/Frameworks/XCTest.framework; sourceTree = DEVELOPER_DIR; };
		8B620E8A18A239C300EF42B2 /* SparkEffectTests-Info.plist */ = {isa = PBXFileReference; lastKnownFileType = text.plist.xml; path = "SparkEffectTests-Info.plist"; sourceTree = "<group>"; };
		8B620E8C18A239C300EF42B2 /* en */ = {isa = PBXFileReference; lastKnownFileType = text.plist.strings; name = en; path = en.lproj/InfoPlist.strings; sourceTree = "<group>"; };
		8B620E8E18A239C300EF42B2 /* SparkEffectTests.m */ = {isa = PBXFileReference; lastKnownFileType = sourcecode.c.objc; path = SparkEffectTests.m; sourceTree = "<group>"; };
/* End PBXFileReference section */

/* Begin PBXFrameworksBuildPhase section */
		8B620E5D18A239C300EF42B2 /* Frameworks */ = {
			isa = PBXFrameworksBuildPhase;
			buildActionMask = 2147483647;
			files = (
				8B620E6618A239C300EF42B2 /* CoreGraphics.framework in Frameworks */,
				8B620E6818A239C300EF42B2 /* UIKit.framework in Frameworks */,
				8B620E6418A239C300EF42B2 /* Foundation.framework in Frameworks */,
			);
			runOnlyForDeploymentPostprocessing = 0;
		};
		8B620E7E18A239C300EF42B2 /* Frameworks */ = {
			isa = PBXFrameworksBuildPhase;
			buildActionMask = 2147483647;
			files = (
				8B620E8318A239C300EF42B2 /* XCTest.framework in Frameworks */,
				8B620E8518A239C300EF42B2 /* UIKit.framework in Frameworks */,
				8B620E8418A239C300EF42B2 /* Foundation.framework in Frameworks */,
			);
			runOnlyForDeploymentPostprocessing = 0;
		};
/* End PBXFrameworksBuildPhase section */

/* Begin PBXGroup section */
		8B620E5718A239C300EF42B2 = {
			isa = PBXGroup;
			children = (
				8B620E6918A239C300EF42B2 /* SparkEffect */,
				8B620E8818A239C300EF42B2 /* SparkEffectTests */,
				8B620E6218A239C300EF42B2 /* Frameworks */,
				8B620E6118A239C300EF42B2 /* Products */,
			);
			sourceTree = "<group>";
		};
		8B620E6118A239C300EF42B2 /* Products */ = {
			isa = PBXGroup;
			children = (
				8B620E6018A239C300EF42B2 /* SparkEffect.app */,
				8B620E8118A239C300EF42B2 /* SparkEffectTests.xctest */,
			);
			name = Products;
			sourceTree = "<group>";
		};
		8B620E6218A239C300EF42B2 /* Frameworks */ = {
			isa = PBXGroup;
			children = (
				8B620E6318A239C300EF42B2 /* Foundation.framework */,
				8B620E6518A239C300EF42B2 /* CoreGraphics.framework */,
				8B620E6718A239C300EF42B2 /* UIKit.framework */,
				8B620E8218A239C300EF42B2 /* XCTest.framework */,
			);
			name = Frameworks;
			sourceTree = "<group>";
		};
		8B620E6918A239C300EF42B2 /* SparkEffect */ = {
			isa = PBXGroup;
			children = (
				8B620E7218A239C300EF42B2 /* AHSparkEffectAppDelegate.h */,
				8B620E7318A239C300EF42B2 /* AHSparkEffectAppDelegate.m */,
				8B620E7518A239C300EF42B2 /* Main.storyboard */,
				8B620E7818A239C300EF42B2 /* AHSparkEffectViewController.h */,
				8B620E7918A239C300EF42B2 /* AHSparkEffectViewController.m */,
				8B620E7B18A239C300EF42B2 /* Images.xcassets */,
				8B620E6A18A239C300EF42B2 /* Supporting Files */,
			);
			path = SparkEffect;
			sourceTree = "<group>";
		};
		8B620E6A18A239C300EF42B2 /* Supporting Files */ = {
			isa = PBXGroup;
			children = (
				8B620E6B18A239C300EF42B2 /* SparkEffect-Info.plist */,
				8B620E6C18A239C300EF42B2 /* InfoPlist.strings */,
				8B620E6F18A239C300EF42B2 /* main.m */,
				8B620E7118A239C300EF42B2 /* SparkEffect-Prefix.pch */,
			);
			name = "Supporting Files";
			sourceTree = "<group>";
		};
		8B620E8818A239C300EF42B2 /* SparkEffectTests */ = {
			isa = PBXGroup;
			children = (
				8B620E8E18A239C300EF42B2 /* SparkEffectTests.m */,
				8B620E8918A239C300EF42B2 /* Supporting Files */,
			);
			path = SparkEffectTests;
			sourceTree = "<group>";
		};
		8B620E8918A239C300EF42B2 /* Supporting Files */ = {
			isa = PBXGroup;
			children = (
				8B620E8A18A239C300EF42B2 /* SparkEffectTests-Info.plist */,
				8B620E8B18A239C300EF42B2 /* InfoPlist.strings */,
			);
			name = "Supporting Files";
			sourceTree = "<group>";
		};
/* End PBXGroup section */

/* Begin PBXNativeTarget section */
		8B620E5F18A239C300EF42B2 /* SparkEffect */ = {
			isa = PBXNativeTarget;
			buildConfigurationList = 8B620E9218A239C300EF42B2 /* Build configuration list for PBXNativeTarget "SparkEffect" */;
			buildPhases = (
				8B620E5C18A239C300EF42B2 /* Sources */,
				8B620E5D18A239C300EF42B2 /* Frameworks */,
				8B620E5E18A239C300EF42B2 /* Resources */,
			);
			buildRules = (
			);
			dependencies = (
			);
			name = SparkEffect;
			productName = SparkEffect;
			productReference = 8B620E6018A239C300EF42B2 /* SparkEffect.app */;
			productType = "com.apple.product-type.application";
		};
		8B620E8018A239C300EF42B2 /* SparkEffectTests */ = {
			isa = PBXNativeTarget;
			buildConfigurationList = 8B620E9518A239C300EF42B2 /* Build configuration list for PBXNativeTarget "SparkEffectTests" */;
			buildPhases = (
				8B620E7D18A239C300EF42B2 /* Sources */,
				8B620E7E18A239C300EF42B2 /* Frameworks */,
				8B620E7F18A239C300EF42B2 /* Resources */,
			);
			buildRules = (
			);
			dependencies = (
				8B620E8718A239C300EF42B2 /* PBXTargetDependency */,
			);
			name = SparkEffectTests;
			productName = SparkEffectTests;
			productReference = 8B620E8118A239C300EF42B2 /* SparkEffectTests.xctest */;
			productType = "com.apple.product-type.bundle.unit-test";
		};
/* End PBXNativeTarget section */

/* Begin PBXProject section */
		8B620E5818A239C300EF42B2 /* Project object */ = {
			isa = PBXProject;
			attributes = {
				CLASSPREFIX = AHSparkEffect;
				LastUpgradeCheck = 0500;
				ORGANIZATIONNAME = "Alex Hsieh";
				TargetAttributes = {
					8B620E8018A239C300EF42B2 = {
						TestTargetID = 8B620E5F18A239C300EF42B2;
					};
				};
			};
			buildConfigurationList = 8B620E5B18A239C300EF42B2 /* Build configuration list for PBXProject "SparkEffect" */;
			compatibilityVersion = "Xcode 3.2";
			developmentRegion = English;
			hasScannedForEncodings = 0;
			knownRegions = (
				en,
				Base,
			);
			mainGroup = 8B620E5718A239C300EF42B2;
			productRefGroup = 8B620E6118A239C300EF42B2 /* Products */;
			projectDirPath = "";
			projectRoot = "";
			targets = (
				8B620E5F18A239C300EF42B2 /* SparkEffect */,
				8B620E8018A239C300EF42B2 /* SparkEffectTests */,
			);
		};
/* End PBXProject section */

/* Begin PBXResourcesBuildPhase section */
		8B620E5E18A239C300EF42B2 /* Resources */ = {
			isa = PBXResourcesBuildPhase;
			buildActionMask = 2147483647;
			files = (
				8B620E7C18A239C300EF42B2 /* Images.xcassets in Resources */,
				8B620E6E18A239C300EF42B2 /* InfoPlist.strings in Resources */,
				8B620E7718A239C300EF42B2 /* Main.storyboard in Resources */,
			);
			runOnlyForDeploymentPostprocessing = 0;
		};
		8B620E7F18A239C300EF42B2 /* Resources */ = {
			isa = PBXResourcesBuildPhase;
			buildActionMask = 2147483647;
			files = (
				8B620E8D18A239C300EF42B2 /* InfoPlist.strings in Resources */,
			);
			runOnlyForDeploymentPostprocessing = 0;
		};
/* End PBXResourcesBuildPhase section */

/* Begin PBXSourcesBuildPhase section */
		8B620E5C18A239C300EF42B2 /* Sources */ = {
			isa = PBXSourcesBuildPhase;
			buildActionMask = 2147483647;
			files = (
				8B620E7418A239C300EF42B2 /* AHSparkEffectAppDelegate.m in Sources */,
				8B620E7018A239C300EF42B2 /* main.m in Sources */,
				8B620E7A18A239C300EF42B2 /* AHSparkEffectViewController.m in Sources */,
			);
			runOnlyForDeploymentPostprocessing = 0;
		};
		8B620E7D18A239C300EF42B2 /* Sources */ = {
			isa = PBXSourcesBuildPhase;
			buildActionMask = 2147483647;
			files = (
				8B620E8F18A239C300EF42B2 /* SparkEffectTests.m in Sources */,
			);
			runOnlyForDeploymentPostprocessing = 0;
		};
/* End PBXSourcesBuildPhase section */

/* Begin PBXTargetDependency section */
		8B620E8718A239C300EF42B2 /* PBXTargetDependency */ = {
			isa = PBXTargetDependency;
			target = 8B620E5F18A239C300EF42B2 /* SparkEffect */;
			targetProxy = 8B620E8618A239C300EF42B2 /* PBXContainerItemProxy */;
		};
/* End PBXTargetDependency section */

/* Begin PBXVariantGroup section */
		8B620E6C18A239C300EF42B2 /* InfoPlist.strings */ = {
			isa = PBXVariantGroup;
			children = (
				8B620E6D18A239C300EF42B2 /* en */,
			);
			name = InfoPlist.strings;
			sourceTree = "<group>";
		};
		8B620E7518A239C300EF42B2 /* Main.storyboard */ = {
			isa = PBXVariantGroup;
			children = (
				8B620E7618A239C300EF42B2 /* Base */,
			);
			name = Main.storyboard;
			sourceTree = "<group>";
		};
		8B620E8B18A239C300EF42B2 /* InfoPlist.strings */ = {
			isa = PBXVariantGroup;
			children = (
				8B620E8C18A239C300EF42B2 /* en */,
			);
			name = InfoPlist.strings;
			sourceTree = "<group>";
		};
/* End PBXVariantGroup section */

/* Begin XCBuildConfiguration section */
		8B620E9018A239C300EF42B2 /* Debug */ = {
			isa = XCBuildConfiguration;
			buildSettings = {
				ALWAYS_SEARCH_USER_PATHS = NO;
				ARCHS = "$(ARCHS_STANDARD_INCLUDING_64_BIT)";
				CLANG_CXX_LANGUAGE_STANDARD = "gnu++0x";
				CLANG_CXX_LIBRARY = "libc++";
				CLANG_ENABLE_MODULES = YES;
				CLANG_ENABLE_OBJC_ARC = YES;
				CLANG_WARN_BOOL_CONVERSION = YES;
				CLANG_WARN_CONSTANT_CONVERSION = YES;
				CLANG_WARN_DIRECT_OBJC_ISA_USAGE = YES_ERROR;
				CLANG_WARN_EMPTY_BODY = YES;
				CLANG_WARN_ENUM_CONVERSION = YES;
				CLANG_WARN_INT_CONVERSION = YES;
				CLANG_WARN_OBJC_ROOT_CLASS = YES_ERROR;
				CLANG_WARN__DUPLICATE_METHOD_MATCH = YES;
				"CODE_SIGN_IDENTITY[sdk=iphoneos*]" = "iPhone Developer";
				COPY_PHASE_STRIP = NO;
				GCC_C_LANGUAGE_STANDARD = gnu99;
				GCC_DYNAMIC_NO_PIC = NO;
				GCC_OPTIMIZATION_LEVEL = 0;
				GCC_PREPROCESSOR_DEFINITIONS = (
					"DEBUG=1",
					"$(inherited)",
				);
				GCC_SYMBOLS_PRIVATE_EXTERN = NO;
				GCC_WARN_64_TO_32_BIT_CONVERSION = YES;
				GCC_WARN_ABOUT_RETURN_TYPE = YES_ERROR;
				GCC_WARN_UNDECLARED_SELECTOR = YES;
				GCC_WARN_UNINITIALIZED_AUTOS = YES;
				GCC_WARN_UNUSED_FUNCTION = YES;
				GCC_WARN_UNUSED_VARIABLE = YES;
				IPHONEOS_DEPLOYMENT_TARGET = 7.0;
				ONLY_ACTIVE_ARCH = YES;
				SDKROOT = iphoneos;
			};
			name = Debug;
		};
		8B620E9118A239C300EF42B2 /* Release */ = {
			isa = XCBuildConfiguration;
			buildSettings = {
				ALWAYS_SEARCH_USER_PATHS = NO;
				ARCHS = "$(ARCHS_STANDARD_INCLUDING_64_BIT)";
				CLANG_CXX_LANGUAGE_STANDARD = "gnu++0x";
				CLANG_CXX_LIBRARY = "libc++";
				CLANG_ENABLE_MODULES = YES;
				CLANG_ENABLE_OBJC_ARC = YES;
				CLANG_WARN_BOOL_CONVERSION = YES;
				CLANG_WARN_CONSTANT_CONVERSION = YES;
				CLANG_WARN_DIRECT_OBJC_ISA_USAGE = YES_ERROR;
				CLANG_WARN_EMPTY_BODY = YES;
				CLANG_WARN_ENUM_CONVERSION = YES;
				CLANG_WARN_INT_CONVERSION = YES;
				CLANG_WARN_OBJC_ROOT_CLASS = YES_ERROR;
				CLANG_WARN__DUPLICATE_METHOD_MATCH = YES;
				"CODE_SIGN_IDENTITY[sdk=iphoneos*]" = "iPhone Developer";
				COPY_PHASE_STRIP = YES;
				ENABLE_NS_ASSERTIONS = NO;
				GCC_C_LANGUAGE_STANDARD = gnu99;
				GCC_WARN_64_TO_32_BIT_CONVERSION = YES;
				GCC_WARN_ABOUT_RETURN_TYPE = YES_ERROR;
				GCC_WARN_UNDECLARED_SELECTOR = YES;
				GCC_WARN_UNINITIALIZED_AUTOS = YES;
				GCC_WARN_UNUSED_FUNCTION = YES;
				GCC_WARN_UNUSED_VARIABLE = YES;
				IPHONEOS_DEPLOYMENT_TARGET = 7.0;
				SDKROOT = iphoneos;
				VALIDATE_PRODUCT = YES;
			};
			name = Release;
		};
		8B620E9318A239C300EF42B2 /* Debug */ = {
			isa = XCBuildConfiguration;
			buildSettings = {
				ASSETCATALOG_COMPILER_APPICON_NAME = AppIcon;
				ASSETCATALOG_COMPILER_LAUNCHIMAGE_NAME = LaunchImage;
				GCC_PRECOMPILE_PREFIX_HEADER = YES;
				GCC_PREFIX_HEADER = "SparkEffect/SparkEffect-Prefix.pch";
				INFOPLIST_FILE = "SparkEffect/SparkEffect-Info.plist";
				PRODUCT_NAME = "$(TARGET_NAME)";
				WRAPPER_EXTENSION = app;
			};
			name = Debug;
		};
		8B620E9418A239C300EF42B2 /* Release */ = {
			isa = XCBuildConfiguration;
			buildSettings = {
				ASSETCATALOG_COMPILER_APPICON_NAME = AppIcon;
				ASSETCATALOG_COMPILER_LAUNCHIMAGE_NAME = LaunchImage;
				GCC_PRECOMPILE_PREFIX_HEADER = YES;
				GCC_PREFIX_HEADER = "SparkEffect/SparkEffect-Prefix.pch";
				INFOPLIST_FILE = "SparkEffect/SparkEffect-Info.plist";
				PRODUCT_NAME = "$(TARGET_NAME)";
				WRAPPER_EXTENSION = app;
			};
			name = Release;
		};
		8B620E9618A239C300EF42B2 /* Debug */ = {
			isa = XCBuildConfiguration;
			buildSettings = {
				ARCHS = "$(ARCHS_STANDARD_INCLUDING_64_BIT)";
				BUNDLE_LOADER = "$(BUILT_PRODUCTS_DIR)/SparkEffect.app/SparkEffect";
				FRAMEWORK_SEARCH_PATHS = (
					"$(SDKROOT)/Developer/Library/Frameworks",
					"$(inherited)",
					"$(DEVELOPER_FRAMEWORKS_DIR)",
				);
				GCC_PRECOMPILE_PREFIX_HEADER = YES;
				GCC_PREFIX_HEADER = "SparkEffect/SparkEffect-Prefix.pch";
				GCC_PREPROCESSOR_DEFINITIONS = (
					"DEBUG=1",
					"$(inherited)",
				);
				INFOPLIST_FILE = "SparkEffectTests/SparkEffectTests-Info.plist";
				PRODUCT_NAME = "$(TARGET_NAME)";
				TEST_HOST = "$(BUNDLE_LOADER)";
				WRAPPER_EXTENSION = xctest;
			};
			name = Debug;
		};
		8B620E9718A239C300EF42B2 /* Release */ = {
			isa = XCBuildConfiguration;
			buildSettings = {
				ARCHS = "$(ARCHS_STANDARD_INCLUDING_64_BIT)";
				BUNDLE_LOADER = "$(BUILT_PRODUCTS_DIR)/SparkEffect.app/SparkEffect";
				FRAMEWORK_SEARCH_PATHS = (
					"$(SDKROOT)/Developer/Library/Frameworks",
					"$(inherited)",
					"$(DEVELOPER_FRAMEWORKS_DIR)",
				);
				GCC_PRECOMPILE_PREFIX_HEADER = YES;
				GCC_PREFIX_HEADER = "SparkEffect/SparkEffect-Prefix.pch";
				INFOPLIST_FILE = "SparkEffectTests/SparkEffectTests-Info.plist";
				PRODUCT_NAME = "$(TARGET_NAME)";
				TEST_HOST = "$(BUNDLE_LOADER)";
				WRAPPER_EXTENSION = xctest;
			};
			name = Release;
		};
/* End XCBuildConfiguration section */

/* Begin XCConfigurationList section */
		8B620E5B18A239C300EF42B2 /* Build configuration list for PBXProject "SparkEffect" */ = {
			isa = XCConfigurationList;
			buildConfigurations = (
				8B620E9018A239C300EF42B2 /* Debug */,
				8B620E9118A239C300EF42B2 /* Release */,
			);
			defaultConfigurationIsVisible = 0;
			defaultConfigurationName = Release;
		};
		8B620E9218A239C300EF42B2 /* Build configuration list for PBXNativeTarget "SparkEffect" */ = {
			isa = XCConfigurationList;
			buildConfigurations = (
				8B620E9318A239C300EF42B2 /* Debug */,
				8B620E9418A239C300EF42B2 /* Release */,
			);
			defaultConfigurationIsVisible = 0;
		};
		8B620E9518A239C300EF42B2 /* Build configuration list for PBXNativeTarget "SparkEffectTests" */ = {
			isa = XCConfigurationList;
			buildConfigurations = (
				8B620E9618A239C300EF42B2 /* Debug */,
				8B620E9718A239C300EF42B2 /* Release */,
			);
			defaultConfigurationIsVisible = 0;
		};
/* End XCConfigurationList section */
	};
	rootObject = 8B620E5818A239C300EF42B2 /* Project object */;
}
